
Microsoft Visual Studio Solution File, Format Version 12.00
# Visual Studio Version 17
VisualStudioVersion = 17.4.33213.308
MinimumVisualStudioVersion = 10.0.40219.1
Project("{9092AA53-FB77-4645-B42D-1CCCA6BD08BD}") = "bikerental", "bikerental\bikerental.njsproj", "{D071B3E8-0199-4E6D-A7F9-A1F96145A18E}"
EndProject
Global
	GlobalSection(SolutionConfigurationPlatforms) = preSolution
		Debug|Any CPU = Debug|Any CPU
		Release|Any CPU = Release|Any CPU
	EndGlobalSection
	GlobalSection(ProjectConfigurationPlatforms) = postSolution
		{D071B3E8-0199-4E6D-A7F9-A1F96145A18E}.Debug|Any CPU.ActiveCfg = Debug|Any CPU
		{D071B3E8-0199-4E6D-A7F9-A1F96145A18E}.Debug|Any CPU.Build.0 = Debug|Any CPU
		{D071B3E8-0199-4E6D-A7F9-A1F96145A18E}.Release|Any CPU.ActiveCfg = Release|Any CPU
		{D071B3E8-0199-4E6D-A7F9-A1F96145A18E}.Release|Any CPU.Build.0 = Release|Any CPU
	EndGlobalSection
	GlobalSection(SolutionProperties) = preSolution
		HideSolutionNode = FALSE
	EndGlobalSection
	GlobalSection(ExtensibilityGlobals) = postSolution
		SolutionGuid = {14960276-A4CE-44B0-A0D7-7F9B0AFE8665}
	EndGlobalSection
EndGlobal
